// !$*UTF8*$!
{
	archiveVersion = 1;
	classes = {
	};
	objectVersion = 46;
	objects = {

/* Begin PBXBuildFile section */
		6D103827170B126200B3F34D /* UIKit.framework in Frameworks */ = {isa = PBXBuildFile; fileRef = 6D103826170B126200B3F34D /* UIKit.framework */; };
		6D103829170B126300B3F34D /* Foundation.framework in Frameworks */ = {isa = PBXBuildFile; fileRef = 6D103828170B126200B3F34D /* Foundation.framework */; };
		6D10382B170B126300B3F34D /* CoreGraphics.framework in Frameworks */ = {isa = PBXBuildFile; fileRef = 6D10382A170B126300B3F34D /* CoreGraphics.framework */; };
		6D103831170B126300B3F34D /* InfoPlist.strings in Resources */ = {isa = PBXBuildFile; fileRef = 6D10382F170B126300B3F34D /* InfoPlist.strings */; };
		6D103833170B126300B3F34D /* main.m in Sources */ = {isa = PBXBuildFile; fileRef = 6D103832170B126300B3F34D /* main.m */; };
		6D103837170B126300B3F34D /* AppDelegate.m in Sources */ = {isa = PBXBuildFile; fileRef = 6D103836170B126300B3F34D /* AppDelegate.m */; };
		6D103839170B126300B3F34D /* Default.png in Resources */ = {isa = PBXBuildFile; fileRef = 6D103838170B126300B3F34D /* Default.png */; };
		6D10383B170B126300B3F34D /* Default@2x.png in Resources */ = {isa = PBXBuildFile; fileRef = 6D10383A170B126300B3F34D /* Default@2x.png */; };
		6D10383D170B126300B3F34D /* Default-568h@2x.png in Resources */ = {isa = PBXBuildFile; fileRef = 6D10383C170B126300B3F34D /* Default-568h@2x.png */; };
		6D103840170B126300B3F34D /* ViewController.m in Sources */ = {isa = PBXBuildFile; fileRef = 6D10383F170B126300B3F34D /* ViewController.m */; };
		6D103843170B126300B3F34D /* ViewController_iPhone.xib in Resources */ = {isa = PBXBuildFile; fileRef = 6D103841170B126300B3F34D /* ViewController_iPhone.xib */; };
		6D103846170B126300B3F34D /* ViewController_iPad.xib in Resources */ = {isa = PBXBuildFile; fileRef = 6D103844170B126300B3F34D /* ViewController_iPad.xib */; };
		6D10384E170B126300B3F34D /* SenTestingKit.framework in Frameworks */ = {isa = PBXBuildFile; fileRef = 6D10384D170B126300B3F34D /* SenTestingKit.framework */; };
		6D10384F170B126300B3F34D /* UIKit.framework in Frameworks */ = {isa = PBXBuildFile; fileRef = 6D103826170B126200B3F34D /* UIKit.framework */; };
		6D103850170B126300B3F34D /* Foundation.framework in Frameworks */ = {isa = PBXBuildFile; fileRef = 6D103828170B126200B3F34D /* Foundation.framework */; };
		6D103858170B126300B3F34D /* InfoPlist.strings in Resources */ = {isa = PBXBuildFile; fileRef = 6D103856170B126300B3F34D /* InfoPlist.strings */; };
		6D10385B170B126300B3F34D /* iOS_SamplesTests.m in Sources */ = {isa = PBXBuildFile; fileRef = 6D10385A170B126300B3F34D /* iOS_SamplesTests.m */; };
		6DD27A7D170C55450031951A /* NSObject+SBJSON.m in Sources */ = {isa = PBXBuildFile; fileRef = 6DD27A72170C55450031951A /* NSObject+SBJSON.m */; settings = {COMPILER_FLAGS = "-fno-objc-arc"; }; };
		6DD27A7E170C55450031951A /* NSString+SBJSON.m in Sources */ = {isa = PBXBuildFile; fileRef = 6DD27A74170C55450031951A /* NSString+SBJSON.m */; settings = {COMPILER_FLAGS = "-fno-objc-arc"; }; };
		6DD27A7F170C55450031951A /* SBJSON.m in Sources */ = {isa = PBXBuildFile; fileRef = 6DD27A76170C55450031951A /* SBJSON.m */; settings = {COMPILER_FLAGS = "-fno-objc-arc"; }; };
		6DD27A80170C55450031951A /* SBJsonBase.m in Sources */ = {isa = PBXBuildFile; fileRef = 6DD27A78170C55450031951A /* SBJsonBase.m */; settings = {COMPILER_FLAGS = "-fno-objc-arc"; }; };
		6DD27A81170C55450031951A /* SBJsonParser.m in Sources */ = {isa = PBXBuildFile; fileRef = 6DD27A7A170C55450031951A /* SBJsonParser.m */; settings = {COMPILER_FLAGS = "-fno-objc-arc"; }; };
		6DD27A82170C55450031951A /* SBJsonWriter.m in Sources */ = {isa = PBXBuildFile; fileRef = 6DD27A7C170C55450031951A /* SBJsonWriter.m */; settings = {COMPILER_FLAGS = "-fno-objc-arc"; }; };
/* End PBXBuildFile section */

/* Begin PBXContainerItemProxy section */
		6D103851170B126300B3F34D /* PBXContainerItemProxy */ = {
			isa = PBXContainerItemProxy;
			containerPortal = 6D10381B170B126200B3F34D /* Project object */;
			proxyType = 1;
			remoteGlobalIDString = 6D103822170B126200B3F34D;
			remoteInfo = iOS_Samples;
		};
/* End PBXContainerItemProxy section */

/* Begin PBXFileReference section */
		6D103823170B126200B3F34D /* iOS_Samples.app */ = {isa = PBXFileReference; explicitFileType = wrapper.application; includeInIndex = 0; path = iOS_Samples.app; sourceTree = BUILT_PRODUCTS_DIR; };
		6D103826170B126200B3F34D /* UIKit.framework */ = {isa = PBXFileReference; lastKnownFileType = wrapper.framework; name = UIKit.framework; path = System/Library/Frameworks/UIKit.framework; sourceTree = SDKROOT; };
		6D103828170B126200B3F34D /* Foundation.framework */ = {isa = PBXFileReference; lastKnownFileType = wrapper.framework; name = Foundation.framework; path = System/Library/Frameworks/Foundation.framework; sourceTree = SDKROOT; };
		6D10382A170B126300B3F34D /* CoreGraphics.framework */ = {isa = PBXFileReference; lastKnownFileType = wrapper.framework; name = CoreGraphics.framework; path = System/Library/Frameworks/CoreGraphics.framework; sourceTree = SDKROOT; };
		6D10382E170B126300B3F34D /* iOS_Samples-Info.plist */ = {isa = PBXFileReference; lastKnownFileType = text.plist.xml; path = "iOS_Samples-Info.plist"; sourceTree = "<group>"; };
		6D103830170B126300B3F34D /* en */ = {isa = PBXFileReference; lastKnownFileType = text.plist.strings; name = en; path = en.lproj/InfoPlist.strings; sourceTree = "<group>"; };
		6D103832170B126300B3F34D /* main.m */ = {isa = PBXFileReference; lastKnownFileType = sourcecode.c.objc; path = main.m; sourceTree = "<group>"; };
		6D103834170B126300B3F34D /* iOS_Samples-Prefix.pch */ = {isa = PBXFileReference; lastKnownFileType = sourcecode.c.h; path = "iOS_Samples-Prefix.pch"; sourceTree = "<group>"; };
		6D103835170B126300B3F34D /* AppDelegate.h */ = {isa = PBXFileReference; lastKnownFileType = sourcecode.c.h; path = AppDelegate.h; sourceTree = "<group>"; };
		6D103836170B126300B3F34D /* AppDelegate.m */ = {isa = PBXFileReference; lastKnownFileType = sourcecode.c.objc; path = AppDelegate.m; sourceTree = "<group>"; };
		6D103838170B126300B3F34D /* Default.png */ = {isa = PBXFileReference; lastKnownFileType = image.png; path = Default.png; sourceTree = "<group>"; };
		6D10383A170B126300B3F34D /* Default@2x.png */ = {isa = PBXFileReference; lastKnownFileType = image.png; path = "Default@2x.png"; sourceTree = "<group>"; };
		6D10383C170B126300B3F34D /* Default-568h@2x.png */ = {isa = PBXFileReference; lastKnownFileType = image.png; path = "Default-568h@2x.png"; sourceTree = "<group>"; };
		6D10383E170B126300B3F34D /* ViewController.h */ = {isa = PBXFileReference; lastKnownFileType = sourcecode.c.h; path = ViewController.h; sourceTree = "<group>"; };
		6D10383F170B126300B3F34D /* ViewController.m */ = {isa = PBXFileReference; lastKnownFileType = sourcecode.c.objc; path = ViewController.m; sourceTree = "<group>"; };
		6D103842170B126300B3F34D /* en */ = {isa = PBXFileReference; lastKnownFileType = file.xib; name = en; path = en.lproj/ViewController_iPhone.xib; sourceTree = "<group>"; };
		6D103845170B126300B3F34D /* en */ = {isa = PBXFileReference; lastKnownFileType = file.xib; name = en; path = en.lproj/ViewController_iPad.xib; sourceTree = "<group>"; };
		6D10384C170B126300B3F34D /* iOS_SamplesTests.octest */ = {isa = PBXFileReference; explicitFileType = wrapper.cfbundle; includeInIndex = 0; path = iOS_SamplesTests.octest; sourceTree = BUILT_PRODUCTS_DIR; };
		6D10384D170B126300B3F34D /* SenTestingKit.framework */ = {isa = PBXFileReference; lastKnownFileType = wrapper.framework; name = SenTestingKit.framework; path = Library/Frameworks/SenTestingKit.framework; sourceTree = DEVELOPER_DIR; };
		6D103855170B126300B3F34D /* iOS_SamplesTests-Info.plist */ = {isa = PBXFileReference; lastKnownFileType = text.plist.xml; path = "iOS_SamplesTests-Info.plist"; sourceTree = "<group>"; };
		6D103857170B126300B3F34D /* en */ = {isa = PBXFileReference; lastKnownFileType = text.plist.strings; name = en; path = en.lproj/InfoPlist.strings; sourceTree = "<group>"; };
		6D103859170B126300B3F34D /* iOS_SamplesTests.h */ = {isa = PBXFileReference; lastKnownFileType = sourcecode.c.h; path = iOS_SamplesTests.h; sourceTree = "<group>"; };
		6D10385A170B126300B3F34D /* iOS_SamplesTests.m */ = {isa = PBXFileReference; lastKnownFileType = sourcecode.c.objc; path = iOS_SamplesTests.m; sourceTree = "<group>"; };
		6DD27A70170C55450031951A /* JSON.h */ = {isa = PBXFileReference; fileEncoding = 4; lastKnownFileType = sourcecode.c.h; path = JSON.h; sourceTree = "<group>"; };
		6DD27A71170C55450031951A /* NSObject+SBJSON.h */ = {isa = PBXFileReference; fileEncoding = 4; lastKnownFileType = sourcecode.c.h; path = "NSObject+SBJSON.h"; sourceTree = "<group>"; };
		6DD27A72170C55450031951A /* NSObject+SBJSON.m */ = {isa = PBXFileReference; fileEncoding = 4; lastKnownFileType = sourcecode.c.objc; path = "NSObject+SBJSON.m"; sourceTree = "<group>"; };
		6DD27A73170C55450031951A /* NSString+SBJSON.h */ = {isa = PBXFileReference; fileEncoding = 4; lastKnownFileType = sourcecode.c.h; path = "NSString+SBJSON.h"; sourceTree = "<group>"; };
		6DD27A74170C55450031951A /* NSString+SBJSON.m */ = {isa = PBXFileReference; fileEncoding = 4; lastKnownFileType = sourcecode.c.objc; path = "NSString+SBJSON.m"; sourceTree = "<group>"; };
		6DD27A75170C55450031951A /* SBJSON.h */ = {isa = PBXFileReference; fileEncoding = 4; lastKnownFileType = sourcecode.c.h; path = SBJSON.h; sourceTree = "<group>"; };
		6DD27A76170C55450031951A /* SBJSON.m */ = {isa = PBXFileReference; fileEncoding = 4; lastKnownFileType = sourcecode.c.objc; path = SBJSON.m; sourceTree = "<group>"; };
		6DD27A77170C55450031951A /* SBJsonBase.h */ = {isa = PBXFileReference; fileEncoding = 4; lastKnownFileType = sourcecode.c.h; path = SBJsonBase.h; sourceTree = "<group>"; };
		6DD27A78170C55450031951A /* SBJsonBase.m */ = {isa = PBXFileReference; fileEncoding = 4; lastKnownFileType = sourcecode.c.objc; path = SBJsonBase.m; sourceTree = "<group>"; };
		6DD27A79170C55450031951A /* SBJsonParser.h */ = {isa = PBXFileReference; fileEncoding = 4; lastKnownFileType = sourcecode.c.h; path = SBJsonParser.h; sourceTree = "<group>"; };
		6DD27A7A170C55450031951A /* SBJsonParser.m */ = {isa = PBXFileReference; fileEncoding = 4; lastKnownFileType = sourcecode.c.objc; path = SBJsonParser.m; sourceTree = "<group>"; };
		6DD27A7B170C55450031951A /* SBJsonWriter.h */ = {isa = PBXFileReference; fileEncoding = 4; lastKnownFileType = sourcecode.c.h; path = SBJsonWriter.h; sourceTree = "<group>"; };
		6DD27A7C170C55450031951A /* SBJsonWriter.m */ = {isa = PBXFileReference; fileEncoding = 4; lastKnownFileType = sourcecode.c.objc; path = SBJsonWriter.m; sourceTree = "<group>"; };
/* End PBXFileReference section */

/* Begin PBXFrameworksBuildPhase section */
		6D103820170B126200B3F34D /* Frameworks */ = {
			isa = PBXFrameworksBuildPhase;
			buildActionMask = 2147483647;
			files = (
				6D103827170B126200B3F34D /* UIKit.framework in Frameworks */,
				6D103829170B126300B3F34D /* Foundation.framework in Frameworks */,
				6D10382B170B126300B3F34D /* CoreGraphics.framework in Frameworks */,
			);
			runOnlyForDeploymentPostprocessing = 0;
		};
		6D103848170B126300B3F34D /* Frameworks */ = {
			isa = PBXFrameworksBuildPhase;
			buildActionMask = 2147483647;
			files = (
				6D10384E170B126300B3F34D /* SenTestingKit.framework in Frameworks */,
				6D10384F170B126300B3F34D /* UIKit.framework in Frameworks */,
				6D103850170B126300B3F34D /* Foundation.framework in Frameworks */,
			);
			runOnlyForDeploymentPostprocessing = 0;
		};
/* End PBXFrameworksBuildPhase section */

/* Begin PBXGroup section */
		6D10381A170B126200B3F34D = {
			isa = PBXGroup;
			children = (
				6DD27A6F170C55450031951A /* JSON */,
				6D10382C170B126300B3F34D /* iOS_Samples */,
				6D103853170B126300B3F34D /* iOS_SamplesTests */,
				6D103825170B126200B3F34D /* Frameworks */,
				6D103824170B126200B3F34D /* Products */,
			);
			sourceTree = "<group>";
		};
		6D103824170B126200B3F34D /* Products */ = {
			isa = PBXGroup;
			children = (
				6D103823170B126200B3F34D /* iOS_Samples.app */,
				6D10384C170B126300B3F34D /* iOS_SamplesTests.octest */,
			);
			name = Products;
			sourceTree = "<group>";
		};
		6D103825170B126200B3F34D /* Frameworks */ = {
			isa = PBXGroup;
			children = (
				6D103826170B126200B3F34D /* UIKit.framework */,
				6D103828170B126200B3F34D /* Foundation.framework */,
				6D10382A170B126300B3F34D /* CoreGraphics.framework */,
				6D10384D170B126300B3F34D /* SenTestingKit.framework */,
			);
			name = Frameworks;
			sourceTree = "<group>";
		};
		6D10382C170B126300B3F34D /* iOS_Samples */ = {
			isa = PBXGroup;
			children = (
				6D103835170B126300B3F34D /* AppDelegate.h */,
				6D103836170B126300B3F34D /* AppDelegate.m */,
				6D10383E170B126300B3F34D /* ViewController.h */,
				6D10383F170B126300B3F34D /* ViewController.m */,
				6D103841170B126300B3F34D /* ViewController_iPhone.xib */,
				6D103844170B126300B3F34D /* ViewController_iPad.xib */,
				6D10382D170B126300B3F34D /* Supporting Files */,
			);
			path = iOS_Samples;
			sourceTree = "<group>";
		};
		6D10382D170B126300B3F34D /* Supporting Files */ = {
			isa = PBXGroup;
			children = (
				6D10382E170B126300B3F34D /* iOS_Samples-Info.plist */,
				6D10382F170B126300B3F34D /* InfoPlist.strings */,
				6D103832170B126300B3F34D /* main.m */,
				6D103834170B126300B3F34D /* iOS_Samples-Prefix.pch */,
				6D103838170B126300B3F34D /* Default.png */,
				6D10383A170B126300B3F34D /* Default@2x.png */,
				6D10383C170B126300B3F34D /* Default-568h@2x.png */,
			);
			name = "Supporting Files";
			sourceTree = "<group>";
		};
		6D103853170B126300B3F34D /* iOS_SamplesTests */ = {
			isa = PBXGroup;
			children = (
				6D103859170B126300B3F34D /* iOS_SamplesTests.h */,
				6D10385A170B126300B3F34D /* iOS_SamplesTests.m */,
				6D103854170B126300B3F34D /* Supporting Files */,
			);
			path = iOS_SamplesTests;
			sourceTree = "<group>";
		};
		6D103854170B126300B3F34D /* Supporting Files */ = {
			isa = PBXGroup;
			children = (
				6D103855170B126300B3F34D /* iOS_SamplesTests-Info.plist */,
				6D103856170B126300B3F34D /* InfoPlist.strings */,
			);
			name = "Supporting Files";
			sourceTree = "<group>";
		};
		6DD27A6F170C55450031951A /* JSON */ = {
			isa = PBXGroup;
			children = (
				6DD27A70170C55450031951A /* JSON.h */,
				6DD27A71170C55450031951A /* NSObject+SBJSON.h */,
				6DD27A72170C55450031951A /* NSObject+SBJSON.m */,
				6DD27A73170C55450031951A /* NSString+SBJSON.h */,
				6DD27A74170C55450031951A /* NSString+SBJSON.m */,
				6DD27A75170C55450031951A /* SBJSON.h */,
				6DD27A76170C55450031951A /* SBJSON.m */,
				6DD27A77170C55450031951A /* SBJsonBase.h */,
				6DD27A78170C55450031951A /* SBJsonBase.m */,
				6DD27A79170C55450031951A /* SBJsonParser.h */,
				6DD27A7A170C55450031951A /* SBJsonParser.m */,
				6DD27A7B170C55450031951A /* SBJsonWriter.h */,
				6DD27A7C170C55450031951A /* SBJsonWriter.m */,
			);
			path = JSON;
			sourceTree = "<group>";
		};
/* End PBXGroup section */

/* Begin PBXNativeTarget section */
		6D103822170B126200B3F34D /* iOS_Samples */ = {
			isa = PBXNativeTarget;
			buildConfigurationList = 6D10385E170B126300B3F34D /* Build configuration list for PBXNativeTarget "iOS_Samples" */;
			buildPhases = (
				6D10381F170B126200B3F34D /* Sources */,
				6D103820170B126200B3F34D /* Frameworks */,
				6D103821170B126200B3F34D /* Resources */,
			);
			buildRules = (
			);
			dependencies = (
			);
			name = iOS_Samples;
			productName = iOS_Samples;
			productReference = 6D103823170B126200B3F34D /* iOS_Samples.app */;
			productType = "com.apple.product-type.application";
		};
		6D10384B170B126300B3F34D /* iOS_SamplesTests */ = {
			isa = PBXNativeTarget;
			buildConfigurationList = 6D103861170B126300B3F34D /* Build configuration list for PBXNativeTarget "iOS_SamplesTests" */;
			buildPhases = (
				6D103847170B126300B3F34D /* Sources */,
				6D103848170B126300B3F34D /* Frameworks */,
				6D103849170B126300B3F34D /* Resources */,
				6D10384A170B126300B3F34D /* ShellScript */,
			);
			buildRules = (
			);
			dependencies = (
				6D103852170B126300B3F34D /* PBXTargetDependency */,
			);
			name = iOS_SamplesTests;
			productName = iOS_SamplesTests;
			productReference = 6D10384C170B126300B3F34D /* iOS_SamplesTests.octest */;
			productType = "com.apple.product-type.bundle";
		};
/* End PBXNativeTarget section */

/* Begin PBXProject section */
		6D10381B170B126200B3F34D /* Project object */ = {
			isa = PBXProject;
			attributes = {
				LastUpgradeCheck = 0460;
				ORGANIZATIONNAME = Banana;
			};
			buildConfigurationList = 6D10381E170B126200B3F34D /* Build configuration list for PBXProject "iOS_Samples" */;
			compatibilityVersion = "Xcode 3.2";
			developmentRegion = English;
			hasScannedForEncodings = 0;
			knownRegions = (
				en,
			);
			mainGroup = 6D10381A170B126200B3F34D;
			productRefGroup = 6D103824170B126200B3F34D /* Products */;
			projectDirPath = "";
			projectRoot = "";
			targets = (
				6D103822170B126200B3F34D /* iOS_Samples */,
				6D10384B170B126300B3F34D /* iOS_SamplesTests */,
			);
		};
/* End PBXProject section */

/* Begin PBXResourcesBuildPhase section */
		6D103821170B126200B3F34D /* Resources */ = {
			isa = PBXResourcesBuildPhase;
			buildActionMask = 2147483647;
			files = (
				6D103831170B126300B3F34D /* InfoPlist.strings in Resources */,
				6D103839170B126300B3F34D /* Default.png in Resources */,
				6D10383B170B126300B3F34D /* Default@2x.png in Resources */,
				6D10383D170B126300B3F34D /* Default-568h@2x.png in Resources */,
				6D103843170B126300B3F34D /* ViewController_iPhone.xib in Resources */,
				6D103846170B126300B3F34D /* ViewController_iPad.xib in Resources */,
			);
			runOnlyForDeploymentPostprocessing = 0;
		};
		6D103849170B126300B3F34D /* Resources */ = {
			isa = PBXResourcesBuildPhase;
			buildActionMask = 2147483647;
			files = (
				6D103858170B126300B3F34D /* InfoPlist.strings in Resources */,
			);
			runOnlyForDeploymentPostprocessing = 0;
		};
/* End PBXResourcesBuildPhase section */

/* Begin PBXShellScriptBuildPhase section */
		6D10384A170B126300B3F34D /* ShellScript */ = {
			isa = PBXShellScriptBuildPhase;
			buildActionMask = 2147483647;
			files = (
			);
			inputPaths = (
			);
			outputPaths = (
			);
			runOnlyForDeploymentPostprocessing = 0;
			shellPath = /bin/sh;
			shellScript = "# Run the unit tests in this test bundle.\n\"${SYSTEM_DEVELOPER_DIR}/Tools/RunUnitTests\"\n";
		};
/* End PBXShellScriptBuildPhase section */

/* Begin PBXSourcesBuildPhase section */
		6D10381F170B126200B3F34D /* Sources */ = {
			isa = PBXSourcesBuildPhase;
			buildActionMask = 2147483647;
			files = (
				6D103833170B126300B3F34D /* main.m in Sources */,
				6D103837170B126300B3F34D /* AppDelegate.m in Sources */,
				6D103840170B126300B3F34D /* ViewController.m in Sources */,
				6DD27A7D170C55450031951A /* NSObject+SBJSON.m in Sources */,
				6DD27A7E170C55450031951A /* NSString+SBJSON.m in Sources */,
				6DD27A7F170C55450031951A /* SBJSON.m in Sources */,
				6DD27A80170C55450031951A /* SBJsonBase.m in Sources */,
				6DD27A81170C55450031951A /* SBJsonParser.m in Sources */,
				6DD27A82170C55450031951A /* SBJsonWriter.m in Sources */,
			);
			runOnlyForDeploymentPostprocessing = 0;
		};
		6D103847170B126300B3F34D /* Sources */ = {
			isa = PBXSourcesBuildPhase;
			buildActionMask = 2147483647;
			files = (
				6D10385B170B126300B3F34D /* iOS_SamplesTests.m in Sources */,
			);
			runOnlyForDeploymentPostprocessing = 0;
		};
/* End PBXSourcesBuildPhase section */

/* Begin PBXTargetDependency section */
		6D103852170B126300B3F34D /* PBXTargetDependency */ = {
			isa = PBXTargetDependency;
			target = 6D103822170B126200B3F34D /* iOS_Samples */;
			targetProxy = 6D103851170B126300B3F34D /* PBXContainerItemProxy */;
		};
/* End PBXTargetDependency section */

/* Begin PBXVariantGroup section */
		6D10382F170B126300B3F34D /* InfoPlist.strings */ = {
			isa = PBXVariantGroup;
			children = (
				6D103830170B126300B3F34D /* en */,
			);
			name = InfoPlist.strings;
			sourceTree = "<group>";
		};
		6D103841170B126300B3F34D /* ViewController_iPhone.xib */ = {
			isa = PBXVariantGroup;
			children = (
				6D103842170B126300B3F34D /* en */,
			);
			name = ViewController_iPhone.xib;
			sourceTree = "<group>";
		};
		6D103844170B126300B3F34D /* ViewController_iPad.xib */ = {
			isa = PBXVariantGroup;
			children = (
				6D103845170B126300B3F34D /* en */,
			);
			name = ViewController_iPad.xib;
			sourceTree = "<group>";
		};
		6D103856170B126300B3F34D /* InfoPlist.strings */ = {
			isa = PBXVariantGroup;
			children = (
				6D103857170B126300B3F34D /* en */,
			);
			name = InfoPlist.strings;
			sourceTree = "<group>";
		};
/* End PBXVariantGroup section */

/* Begin XCBuildConfiguration section */
		6D10385C170B126300B3F34D /* Debug */ = {
			isa = XCBuildConfiguration;
			buildSettings = {
				ALWAYS_SEARCH_USER_PATHS = NO;
				CLANG_CXX_LANGUAGE_STANDARD = "gnu++0x";
				CLANG_CXX_LIBRARY = "libc++";
				CLANG_ENABLE_OBJC_ARC = YES;
				CLANG_WARN_CONSTANT_CONVERSION = YES;
				CLANG_WARN_EMPTY_BODY = YES;
				CLANG_WARN_ENUM_CONVERSION = YES;
				CLANG_WARN_INT_CONVERSION = YES;
				CLANG_WARN__DUPLICATE_METHOD_MATCH = YES;
				"CODE_SIGN_IDENTITY[sdk=iphoneos*]" = "iPhone Developer";
				COPY_PHASE_STRIP = NO;
				GCC_C_LANGUAGE_STANDARD = gnu99;
				GCC_DYNAMIC_NO_PIC = NO;
				GCC_OPTIMIZATION_LEVEL = 0;
				GCC_PREPROCESSOR_DEFINITIONS = (
					"DEBUG=1",
					"$(inherited)",
				);
				GCC_SYMBOLS_PRIVATE_EXTERN = NO;
				GCC_WARN_ABOUT_RETURN_TYPE = YES;
				GCC_WARN_UNINITIALIZED_AUTOS = YES;
				GCC_WARN_UNUSED_VARIABLE = YES;
				IPHONEOS_DEPLOYMENT_TARGET = 6.1;
				ONLY_ACTIVE_ARCH = YES;
				SDKROOT = iphoneos;
				TARGETED_DEVICE_FAMILY = "1,2";
			};
			name = Debug;
		};
		6D10385D170B126300B3F34D /* Release */ = {
			isa = XCBuildConfiguration;
			buildSettings = {
				ALWAYS_SEARCH_USER_PATHS = NO;
				CLANG_CXX_LANGUAGE_STANDARD = "gnu++0x";
				CLANG_CXX_LIBRARY = "libc++";
				CLANG_ENABLE_OBJC_ARC = YES;
				CLANG_WARN_CONSTANT_CONVERSION = YES;
				CLANG_WARN_EMPTY_BODY = YES;
				CLANG_WARN_ENUM_CONVERSION = YES;
				CLANG_WARN_INT_CONVERSION = YES;
				CLANG_WARN__DUPLICATE_METHOD_MATCH = YES;
				"CODE_SIGN_IDENTITY[sdk=iphoneos*]" = "iPhone Developer";
				COPY_PHASE_STRIP = YES;
				GCC_C_LANGUAGE_STANDARD = gnu99;
				GCC_WARN_ABOUT_RETURN_TYPE = YES;
				GCC_WARN_UNINITIALIZED_AUTOS = YES;
				GCC_WARN_UNUSED_VARIABLE = YES;
				IPHONEOS_DEPLOYMENT_TARGET = 6.1;
				OTHER_CFLAGS = "-DNS_BLOCK_ASSERTIONS=1";
				SDKROOT = iphoneos;
				TARGETED_DEVICE_FAMILY = "1,2";
				VALIDATE_PRODUCT = YES;
			};
			name = Release;
		};
		6D10385F170B126300B3F34D /* Debug */ = {
			isa = XCBuildConfiguration;
			buildSettings = {
				GCC_PRECOMPILE_PREFIX_HEADER = YES;
				GCC_PREFIX_HEADER = "iOS_Samples/iOS_Samples-Prefix.pch";
				INFOPLIST_FILE = "iOS_Samples/iOS_Samples-Info.plist";
				PRODUCT_NAME = "$(TARGET_NAME)";
				WRAPPER_EXTENSION = app;
			};
			name = Debug;
		};
		6D103860170B126300B3F34D /* Release */ = {
			isa = XCBuildConfiguration;
			buildSettings = {
				GCC_PRECOMPILE_PREFIX_HEADER = YES;
				GCC_PREFIX_HEADER = "iOS_Samples/iOS_Samples-Prefix.pch";
				INFOPLIST_FILE = "iOS_Samples/iOS_Samples-Info.plist";
				PRODUCT_NAME = "$(TARGET_NAME)";
				WRAPPER_EXTENSION = app;
			};
			name = Release;
		};
		6D103862170B126300B3F34D /* Debug */ = {
			isa = XCBuildConfiguration;
			buildSettings = {
				BUNDLE_LOADER = "$(BUILT_PRODUCTS_DIR)/iOS_Samples.app/iOS_Samples";
				FRAMEWORK_SEARCH_PATHS = (
					"\"$(SDKROOT)/Developer/Library/Frameworks\"",
					"\"$(DEVELOPER_LIBRARY_DIR)/Frameworks\"",
				);
				GCC_PRECOMPILE_PREFIX_HEADER = YES;
				GCC_PREFIX_HEADER = "iOS_Samples/iOS_Samples-Prefix.pch";
				INFOPLIST_FILE = "iOS_SamplesTests/iOS_SamplesTests-Info.plist";
				PRODUCT_NAME = "$(TARGET_NAME)";
				TEST_HOST = "$(BUNDLE_LOADER)";
				WRAPPER_EXTENSION = octest;
			};
			name = Debug;
		};
		6D103863170B126300B3F34D /* Release */ = {
			isa = XCBuildConfiguration;
			buildSettings = {
				BUNDLE_LOADER = "$(BUILT_PRODUCTS_DIR)/iOS_Samples.app/iOS_Samples";
				FRAMEWORK_SEARCH_PATHS = (
					"\"$(SDKROOT)/Developer/Library/Frameworks\"",
					"\"$(DEVELOPER_LIBRARY_DIR)/Frameworks\"",
				);
				GCC_PRECOMPILE_PREFIX_HEADER = YES;
				GCC_PREFIX_HEADER = "iOS_Samples/iOS_Samples-Prefix.pch";
				INFOPLIST_FILE = "iOS_SamplesTests/iOS_SamplesTests-Info.plist";
				PRODUCT_NAME = "$(TARGET_NAME)";
				TEST_HOST = "$(BUNDLE_LOADER)";
				WRAPPER_EXTENSION = octest;
			};
			name = Release;
		};
/* End XCBuildConfiguration section */

/* Begin XCConfigurationList section */
		6D10381E170B126200B3F34D /* Build configuration list for PBXProject "iOS_Samples" */ = {
			isa = XCConfigurationList;
			buildConfigurations = (
				6D10385C170B126300B3F34D /* Debug */,
				6D10385D170B126300B3F34D /* Release */,
			);
			defaultConfigurationIsVisible = 0;
			defaultConfigurationName = Release;
		};
		6D10385E170B126300B3F34D /* Build configuration list for PBXNativeTarget "iOS_Samples" */ = {
			isa = XCConfigurationList;
			buildConfigurations = (
				6D10385F170B126300B3F34D /* Debug */,
				6D103860170B126300B3F34D /* Release */,
			);
			defaultConfigurationIsVisible = 0;
			defaultConfigurationName = Release;
		};
		6D103861170B126300B3F34D /* Build configuration list for PBXNativeTarget "iOS_SamplesTests" */ = {
			isa = XCConfigurationList;
			buildConfigurations = (
				6D103862170B126300B3F34D /* Debug */,
				6D103863170B126300B3F34D /* Release */,
			);
			defaultConfigurationIsVisible = 0;
			defaultConfigurationName = Release;
		};
/* End XCConfigurationList section */
	};
	rootObject = 6D10381B170B126200B3F34D /* Project object */;
}
